
Microsoft Visual Studio Solution File, Format Version 12.00
# Visual Studio 15
VisualStudioVersion = 15.0.27703.2035
MinimumVisualStudioVersion = 10.0.40219.1
Project("{FAE04EC0-301F-11D3-BF4B-00C04F79EFBC}") = "OverlayPOC", "OverlayPOC\OverlayPOC.csproj", "{B1594756-1115-4F8C-8E22-32975314144B}"
EndProject
Global
	GlobalSection(SolutionConfigurationPlatforms) = preSolution
		Debug|Any CPU = Debug|Any CPU
		Release|Any CPU = Release|Any CPU
	EndGlobalSection
	GlobalSection(ProjectConfigurationPlatforms) = postSolution
		{B1594756-1115-4F8C-8E22-32975314144B}.Debug|Any CPU.ActiveCfg = Debug|Any CPU
		{B1594756-1115-4F8C-8E22-32975314144B}.Debug|Any CPU.Build.0 = Debug|Any CPU
		{B1594756-1115-4F8C-8E22-32975314144B}.Release|Any CPU.ActiveCfg = Release|Any CPU
		{B1594756-1115-4F8C-8E22-32975314144B}.Release|Any CPU.Build.0 = Release|Any CPU
	EndGlobalSection
	GlobalSection(SolutionProperties) = preSolution
		HideSolutionNode = FALSE
	EndGlobalSection
	GlobalSection(ExtensibilityGlobals) = postSolution
		SolutionGuid = {DFF45775-24A6-4615-B3B7-7CD26F74C4EF}
	EndGlobalSection
EndGlobal
